// !$*UTF8*$!
{
	archiveVersion = 1;
	classes = {
	};
	objectVersion = 51;
	objects = {

/* Begin PBXBuildFile section */
		0D1FC3BE25FB96DE008546E6 /* User.swift in Sources */ = {isa = PBXBuildFile; fileRef = 0D1FC3BD25FB96DE008546E6 /* User.swift */; };
		0D1FC3C025FB9FE4008546E6 /* APIManager2.swift in Sources */ = {isa = PBXBuildFile; fileRef = 0D1FC3BF25FB9FE4008546E6 /* APIManager2.swift */; };
		0D259F1725EE5A8700FD9437 /* ChooseTeam.swift in Sources */ = {isa = PBXBuildFile; fileRef = 0D259F1625EE5A8700FD9437 /* ChooseTeam.swift */; };
		0DF0695825F1169B00E7A7BB /* EquipoController.swift in Sources */ = {isa = PBXBuildFile; fileRef = 0DF0695725F1169B00E7A7BB /* EquipoController.swift */; };
		0DF5DEA925F65D7300A034DE /* NoticiasViewController.swift in Sources */ = {isa = PBXBuildFile; fileRef = 0DF5DEA825F65D7300A034DE /* NoticiasViewController.swift */; };
		0DF5DEAB25F65D8100A034DE /* DatosNoticia.swift in Sources */ = {isa = PBXBuildFile; fileRef = 0DF5DEAA25F65D8100A034DE /* DatosNoticia.swift */; };
		0DF641AD25F8FF66005A0810 /* CalendarioController.swift in Sources */ = {isa = PBXBuildFile; fileRef = 0DF641AC25F8FF66005A0810 /* CalendarioController.swift */; };
		0E39E94A25E4F87600E1C231 /* AppDelegate.swift in Sources */ = {isa = PBXBuildFile; fileRef = 0E39E94925E4F87600E1C231 /* AppDelegate.swift */; };
		0E39E94C25E4F87600E1C231 /* SceneDelegate.swift in Sources */ = {isa = PBXBuildFile; fileRef = 0E39E94B25E4F87600E1C231 /* SceneDelegate.swift */; };
		0E39E94E25E4F87600E1C231 /* ViewController.swift in Sources */ = {isa = PBXBuildFile; fileRef = 0E39E94D25E4F87600E1C231 /* ViewController.swift */; };
		0E39E95125E4F87600E1C231 /* Main.storyboard in Resources */ = {isa = PBXBuildFile; fileRef = 0E39E94F25E4F87600E1C231 /* Main.storyboard */; };
		0E39E95325E4F87700E1C231 /* Assets.xcassets in Resources */ = {isa = PBXBuildFile; fileRef = 0E39E95225E4F87700E1C231 /* Assets.xcassets */; };
		0E39E95625E4F87700E1C231 /* LaunchScreen.storyboard in Resources */ = {isa = PBXBuildFile; fileRef = 0E39E95425E4F87700E1C231 /* LaunchScreen.storyboard */; };
		0E39E96325E4FF4700E1C231 /* Login.swift in Sources */ = {isa = PBXBuildFile; fileRef = 0E39E96225E4FF4700E1C231 /* Login.swift */; };
		0E39E96625E5002100E1C231 /* Registro.swift in Sources */ = {isa = PBXBuildFile; fileRef = 0E39E96525E5002100E1C231 /* Registro.swift */; };
		0E8FECD725E667550051981F /* ChooseGame.swift in Sources */ = {isa = PBXBuildFile; fileRef = 0E8FECD625E667550051981F /* ChooseGame.swift */; };
		0EB3AB9825E87793003D0CBD /* ChooseLeague.swift in Sources */ = {isa = PBXBuildFile; fileRef = 0EB3AB9725E87793003D0CBD /* ChooseLeague.swift */; };
		6EC188A6515F36775DB80B4B /* Pods_E_sports.framework in Frameworks */ = {isa = PBXBuildFile; fileRef = 721503ABA1BC5AC12ECCC24C /* Pods_E_sports.framework */; };
/* End PBXBuildFile section */

/* Begin PBXFileReference section */
		0D1FC3BD25FB96DE008546E6 /* User.swift */ = {isa = PBXFileReference; lastKnownFileType = sourcecode.swift; path = User.swift; sourceTree = "<group>"; };
		0D1FC3BF25FB9FE4008546E6 /* APIManager2.swift */ = {isa = PBXFileReference; lastKnownFileType = sourcecode.swift; path = APIManager2.swift; sourceTree = "<group>"; };
		0D259F1625EE5A8700FD9437 /* ChooseTeam.swift */ = {isa = PBXFileReference; lastKnownFileType = sourcecode.swift; path = ChooseTeam.swift; sourceTree = "<group>"; };
		0DF0695725F1169B00E7A7BB /* EquipoController.swift */ = {isa = PBXFileReference; lastKnownFileType = sourcecode.swift; path = EquipoController.swift; sourceTree = "<group>"; };
		0DF5DEA825F65D7300A034DE /* NoticiasViewController.swift */ = {isa = PBXFileReference; fileEncoding = 4; lastKnownFileType = sourcecode.swift; path = NoticiasViewController.swift; sourceTree = "<group>"; };
		0DF5DEAA25F65D8100A034DE /* DatosNoticia.swift */ = {isa = PBXFileReference; fileEncoding = 4; lastKnownFileType = sourcecode.swift; path = DatosNoticia.swift; sourceTree = "<group>"; };
		0DF641AC25F8FF66005A0810 /* CalendarioController.swift */ = {isa = PBXFileReference; lastKnownFileType = sourcecode.swift; path = CalendarioController.swift; sourceTree = "<group>"; };
		0E39E94625E4F87600E1C231 /* E-sports.app */ = {isa = PBXFileReference; explicitFileType = wrapper.application; includeInIndex = 0; path = "E-sports.app"; sourceTree = BUILT_PRODUCTS_DIR; };
		0E39E94925E4F87600E1C231 /* AppDelegate.swift */ = {isa = PBXFileReference; lastKnownFileType = sourcecode.swift; path = AppDelegate.swift; sourceTree = "<group>"; };
		0E39E94B25E4F87600E1C231 /* SceneDelegate.swift */ = {isa = PBXFileReference; lastKnownFileType = sourcecode.swift; path = SceneDelegate.swift; sourceTree = "<group>"; };
		0E39E94D25E4F87600E1C231 /* ViewController.swift */ = {isa = PBXFileReference; lastKnownFileType = sourcecode.swift; path = ViewController.swift; sourceTree = "<group>"; };
		0E39E95025E4F87600E1C231 /* Base */ = {isa = PBXFileReference; lastKnownFileType = file.storyboard; name = Base; path = Base.lproj/Main.storyboard; sourceTree = "<group>"; };
		0E39E95225E4F87700E1C231 /* Assets.xcassets */ = {isa = PBXFileReference; lastKnownFileType = folder.assetcatalog; path = Assets.xcassets; sourceTree = "<group>"; };
		0E39E95525E4F87700E1C231 /* Base */ = {isa = PBXFileReference; lastKnownFileType = file.storyboard; name = Base; path = Base.lproj/LaunchScreen.storyboard; sourceTree = "<group>"; };
		0E39E95725E4F87700E1C231 /* Info.plist */ = {isa = PBXFileReference; lastKnownFileType = text.plist.xml; path = Info.plist; sourceTree = "<group>"; };
		0E39E96225E4FF4700E1C231 /* Login.swift */ = {isa = PBXFileReference; lastKnownFileType = sourcecode.swift; path = Login.swift; sourceTree = "<group>"; };
		0E39E96525E5002100E1C231 /* Registro.swift */ = {isa = PBXFileReference; lastKnownFileType = sourcecode.swift; path = Registro.swift; sourceTree = "<group>"; };
		0E8FECD625E667550051981F /* ChooseGame.swift */ = {isa = PBXFileReference; lastKnownFileType = sourcecode.swift; path = ChooseGame.swift; sourceTree = "<group>"; };
		0EB3AB9725E87793003D0CBD /* ChooseLeague.swift */ = {isa = PBXFileReference; lastKnownFileType = sourcecode.swift; path = ChooseLeague.swift; sourceTree = "<group>"; };
		721503ABA1BC5AC12ECCC24C /* Pods_E_sports.framework */ = {isa = PBXFileReference; explicitFileType = wrapper.framework; includeInIndex = 0; path = Pods_E_sports.framework; sourceTree = BUILT_PRODUCTS_DIR; };
		84D6CA83F41493CE54856A27 /* Pods-E-sports.debug.xcconfig */ = {isa = PBXFileReference; includeInIndex = 1; lastKnownFileType = text.xcconfig; name = "Pods-E-sports.debug.xcconfig"; path = "Target Support Files/Pods-E-sports/Pods-E-sports.debug.xcconfig"; sourceTree = "<group>"; };
		E1BF1AF50DB8A999A262ACD1 /* Pods-E-sports.release.xcconfig */ = {isa = PBXFileReference; includeInIndex = 1; lastKnownFileType = text.xcconfig; name = "Pods-E-sports.release.xcconfig"; path = "Target Support Files/Pods-E-sports/Pods-E-sports.release.xcconfig"; sourceTree = "<group>"; };
/* End PBXFileReference section */

/* Begin PBXFrameworksBuildPhase section */
		0E39E94325E4F87600E1C231 /* Frameworks */ = {
			isa = PBXFrameworksBuildPhase;
			buildActionMask = 2147483647;
			files = (
				6EC188A6515F36775DB80B4B /* Pods_E_sports.framework in Frameworks */,
			);
			runOnlyForDeploymentPostprocessing = 0;
		};
/* End PBXFrameworksBuildPhase section */

/* Begin PBXGroup section */
		0577E405DE7B1B6135D4ED2F /* Pods */ = {
			isa = PBXGroup;
			children = (
				84D6CA83F41493CE54856A27 /* Pods-E-sports.debug.xcconfig */,
				E1BF1AF50DB8A999A262ACD1 /* Pods-E-sports.release.xcconfig */,
			);
			path = Pods;
			sourceTree = "<group>";
		};
		0E39E93D25E4F87600E1C231 = {
			isa = PBXGroup;
			children = (
				0E39E96125E4FF0300E1C231 /* Controllers */,
				0E39E94825E4F87600E1C231 /* E-sports */,
				0E39E94725E4F87600E1C231 /* Products */,
				0577E405DE7B1B6135D4ED2F /* Pods */,
				739597DEB5404665F05504E2 /* Frameworks */,
			);
			sourceTree = "<group>";
		};
		0E39E94725E4F87600E1C231 /* Products */ = {
			isa = PBXGroup;
			children = (
				0E39E94625E4F87600E1C231 /* E-sports.app */,
			);
			name = Products;
			sourceTree = "<group>";
		};
		0E39E94825E4F87600E1C231 /* E-sports */ = {
			isa = PBXGroup;
			children = (
				0E39E94925E4F87600E1C231 /* AppDelegate.swift */,
				0E39E94B25E4F87600E1C231 /* SceneDelegate.swift */,
				0E39E94F25E4F87600E1C231 /* Main.storyboard */,
				0E39E95225E4F87700E1C231 /* Assets.xcassets */,
				0E39E95425E4F87700E1C231 /* LaunchScreen.storyboard */,
				0E39E95725E4F87700E1C231 /* Info.plist */,
			);
			path = "E-sports";
			sourceTree = "<group>";
		};
		0E39E96125E4FF0300E1C231 /* Controllers */ = {
			isa = PBXGroup;
			children = (
				0E39E94D25E4F87600E1C231 /* ViewController.swift */,
				0E39E96225E4FF4700E1C231 /* Login.swift */,
				0E39E96525E5002100E1C231 /* Registro.swift */,
				0E8FECD625E667550051981F /* ChooseGame.swift */,
				0EB3AB9725E87793003D0CBD /* ChooseLeague.swift */,
				0D259F1625EE5A8700FD9437 /* ChooseTeam.swift */,
				0DF0695725F1169B00E7A7BB /* EquipoController.swift */,
				0DF5DEA825F65D7300A034DE /* NoticiasViewController.swift */,
				0DF5DEAA25F65D8100A034DE /* DatosNoticia.swift */,
				0DF641AC25F8FF66005A0810 /* CalendarioController.swift */,
				0D1FC3BD25FB96DE008546E6 /* User.swift */,
				0D1FC3BF25FB9FE4008546E6 /* APIManager2.swift */,
			);
			path = Controllers;
			sourceTree = "<group>";
		};
		739597DEB5404665F05504E2 /* Frameworks */ = {
			isa = PBXGroup;
			children = (
				721503ABA1BC5AC12ECCC24C /* Pods_E_sports.framework */,
			);
			name = Frameworks;
			sourceTree = "<group>";
		};
/* End PBXGroup section */

/* Begin PBXNativeTarget section */
		0E39E94525E4F87600E1C231 /* E-sports */ = {
			isa = PBXNativeTarget;
			buildConfigurationList = 0E39E95A25E4F87700E1C231 /* Build configuration list for PBXNativeTarget "E-sports" */;
			buildPhases = (
				429C2C87CDEA305E2ADA5708 /* [CP] Check Pods Manifest.lock */,
				0E39E94225E4F87600E1C231 /* Sources */,
				0E39E94325E4F87600E1C231 /* Frameworks */,
				0E39E94425E4F87600E1C231 /* Resources */,
				83E51D0BE0BDEC8BCA1FC06D /* [CP] Embed Pods Frameworks */,
			);
			buildRules = (
			);
			dependencies = (
			);
			name = "E-sports";
			productName = "E-sports";
			productReference = 0E39E94625E4F87600E1C231 /* E-sports.app */;
			productType = "com.apple.product-type.application";
		};
/* End PBXNativeTarget section */

/* Begin PBXProject section */
		0E39E93E25E4F87600E1C231 /* Project object */ = {
			isa = PBXProject;
			attributes = {
				LastSwiftUpdateCheck = 1240;
				LastUpgradeCheck = 1240;
				TargetAttributes = {
					0E39E94525E4F87600E1C231 = {
						CreatedOnToolsVersion = 12.4;
					};
				};
			};
			buildConfigurationList = 0E39E94125E4F87600E1C231 /* Build configuration list for PBXProject "E-sports" */;
			compatibilityVersion = "Xcode 9.3";
			developmentRegion = en;
			hasScannedForEncodings = 0;
			knownRegions = (
				en,
				Base,
			);
			mainGroup = 0E39E93D25E4F87600E1C231;
			productRefGroup = 0E39E94725E4F87600E1C231 /* Products */;
			projectDirPath = "";
			projectRoot = "";
			targets = (
				0E39E94525E4F87600E1C231 /* E-sports */,
			);
		};
/* End PBXProject section */

/* Begin PBXResourcesBuildPhase section */
		0E39E94425E4F87600E1C231 /* Resources */ = {
			isa = PBXResourcesBuildPhase;
			buildActionMask = 2147483647;
			files = (
				0E39E95625E4F87700E1C231 /* LaunchScreen.storyboard in Resources */,
				0E39E95325E4F87700E1C231 /* Assets.xcassets in Resources */,
				0E39E95125E4F87600E1C231 /* Main.storyboard in Resources */,
			);
			runOnlyForDeploymentPostprocessing = 0;
		};
/* End PBXResourcesBuildPhase section */

/* Begin PBXShellScriptBuildPhase section */
		429C2C87CDEA305E2ADA5708 /* [CP] Check Pods Manifest.lock */ = {
			isa = PBXShellScriptBuildPhase;
			buildActionMask = 2147483647;
			files = (
			);
			inputFileListPaths = (
			);
			inputPaths = (
				"${PODS_PODFILE_DIR_PATH}/Podfile.lock",
				"${PODS_ROOT}/Manifest.lock",
			);
			name = "[CP] Check Pods Manifest.lock";
			outputFileListPaths = (
			);
			outputPaths = (
				"$(DERIVED_FILE_DIR)/Pods-E-sports-checkManifestLockResult.txt",
			);
			runOnlyForDeploymentPostprocessing = 0;
			shellPath = /bin/sh;
			shellScript = "diff \"${PODS_PODFILE_DIR_PATH}/Podfile.lock\" \"${PODS_ROOT}/Manifest.lock\" > /dev/null\nif [ $? != 0 ] ; then\n    # print error to STDERR\n    echo \"error: The sandbox is not in sync with the Podfile.lock. Run 'pod install' or update your CocoaPods installation.\" >&2\n    exit 1\nfi\n# This output is used by Xcode 'outputs' to avoid re-running this script phase.\necho \"SUCCESS\" > \"${SCRIPT_OUTPUT_FILE_0}\"\n";
			showEnvVarsInLog = 0;
		};
		83E51D0BE0BDEC8BCA1FC06D /* [CP] Embed Pods Frameworks */ = {
			isa = PBXShellScriptBuildPhase;
			buildActionMask = 2147483647;
			files = (
			);
			inputFileListPaths = (
				"${PODS_ROOT}/Target Support Files/Pods-E-sports/Pods-E-sports-frameworks-${CONFIGURATION}-input-files.xcfilelist",
			);
			name = "[CP] Embed Pods Frameworks";
			outputFileListPaths = (
				"${PODS_ROOT}/Target Support Files/Pods-E-sports/Pods-E-sports-frameworks-${CONFIGURATION}-output-files.xcfilelist",
			);
			runOnlyForDeploymentPostprocessing = 0;
			shellPath = /bin/sh;
			shellScript = "\"${PODS_ROOT}/Target Support Files/Pods-E-sports/Pods-E-sports-frameworks.sh\"\n";
			showEnvVarsInLog = 0;
		};
/* End PBXShellScriptBuildPhase section */

/* Begin PBXSourcesBuildPhase section */
		0E39E94225E4F87600E1C231 /* Sources */ = {
			isa = PBXSourcesBuildPhase;
			buildActionMask = 2147483647;
			files = (
				0DF5DEA925F65D7300A034DE /* NoticiasViewController.swift in Sources */,
				0EB3AB9825E87793003D0CBD /* ChooseLeague.swift in Sources */,
				0E39E94E25E4F87600E1C231 /* ViewController.swift in Sources */,
				0E39E96625E5002100E1C231 /* Registro.swift in Sources */,
				0D259F1725EE5A8700FD9437 /* ChooseTeam.swift in Sources */,
				0D1FC3BE25FB96DE008546E6 /* User.swift in Sources */,
				0E39E94A25E4F87600E1C231 /* AppDelegate.swift in Sources */,
				0E39E94C25E4F87600E1C231 /* SceneDelegate.swift in Sources */,
				0E8FECD725E667550051981F /* ChooseGame.swift in Sources */,
				0DF0695825F1169B00E7A7BB /* EquipoController.swift in Sources */,
				0DF5DEAB25F65D8100A034DE /* DatosNoticia.swift in Sources */,
				0E39E96325E4FF4700E1C231 /* Login.swift in Sources */,
				0D1FC3C025FB9FE4008546E6 /* APIManager2.swift in Sources */,
				0DF641AD25F8FF66005A0810 /* CalendarioController.swift in Sources */,
			);
			runOnlyForDeploymentPostprocessing = 0;
		};
/* End PBXSourcesBuildPhase section */

/* Begin PBXVariantGroup section */
		0E39E94F25E4F87600E1C231 /* Main.storyboard */ = {
			isa = PBXVariantGroup;
			children = (
				0E39E95025E4F87600E1C231 /* Base */,
			);
			name = Main.storyboard;
			sourceTree = "<group>";
		};
		0E39E95425E4F87700E1C231 /* LaunchScreen.storyboard */ = {
			isa = PBXVariantGroup;
			children = (
				0E39E95525E4F87700E1C231 /* Base */,
			);
			name = LaunchScreen.storyboard;
			sourceTree = "<group>";
		};
/* End PBXVariantGroup section */

/* Begin XCBuildConfiguration section */
		0E39E95825E4F87700E1C231 /* Debug */ = {
			isa = XCBuildConfiguration;
			buildSettings = {
				ALWAYS_SEARCH_USER_PATHS = NO;
				CLANG_ANALYZER_NONNULL = YES;
				CLANG_ANALYZER_NUMBER_OBJECT_CONVERSION = YES_AGGRESSIVE;
				CLANG_CXX_LANGUAGE_STANDARD = "gnu++14";
				CLANG_CXX_LIBRARY = "libc++";
				CLANG_ENABLE_MODULES = YES;
				CLANG_ENABLE_OBJC_ARC = YES;
				CLANG_ENABLE_OBJC_WEAK = YES;
				CLANG_WARN_BLOCK_CAPTURE_AUTORELEASING = YES;
				CLANG_WARN_BOOL_CONVERSION = YES;
				CLANG_WARN_COMMA = YES;
				CLANG_WARN_CONSTANT_CONVERSION = YES;
				CLANG_WARN_DEPRECATED_OBJC_IMPLEMENTATIONS = YES;
				CLANG_WARN_DIRECT_OBJC_ISA_USAGE = YES_ERROR;
				CLANG_WARN_DOCUMENTATION_COMMENTS = YES;
				CLANG_WARN_EMPTY_BODY = YES;
				CLANG_WARN_ENUM_CONVERSION = YES;
				CLANG_WARN_INFINITE_RECURSION = YES;
				CLANG_WARN_INT_CONVERSION = YES;
				CLANG_WARN_NON_LITERAL_NULL_CONVERSION = YES;
				CLANG_WARN_OBJC_IMPLICIT_RETAIN_SELF = YES;
				CLANG_WARN_OBJC_LITERAL_CONVERSION = YES;
				CLANG_WARN_OBJC_ROOT_CLASS = YES_ERROR;
				CLANG_WARN_QUOTED_INCLUDE_IN_FRAMEWORK_HEADER = YES;
				CLANG_WARN_RANGE_LOOP_ANALYSIS = YES;
				CLANG_WARN_STRICT_PROTOTYPES = YES;
				CLANG_WARN_SUSPICIOUS_MOVE = YES;
				CLANG_WARN_UNGUARDED_AVAILABILITY = YES_AGGRESSIVE;
				CLANG_WARN_UNREACHABLE_CODE = YES;
				CLANG_WARN__DUPLICATE_METHOD_MATCH = YES;
				COPY_PHASE_STRIP = NO;
				DEBUG_INFORMATION_FORMAT = dwarf;
				ENABLE_STRICT_OBJC_MSGSEND = YES;
				ENABLE_TESTABILITY = YES;
				GCC_C_LANGUAGE_STANDARD = gnu11;
				GCC_DYNAMIC_NO_PIC = NO;
				GCC_NO_COMMON_BLOCKS = YES;
				GCC_OPTIMIZATION_LEVEL = 0;
				GCC_PREPROCESSOR_DEFINITIONS = (
					"DEBUG=1",
					"$(inherited)",
				);
				GCC_WARN_64_TO_32_BIT_CONVERSION = YES;
				GCC_WARN_ABOUT_RETURN_TYPE = YES_ERROR;
				GCC_WARN_UNDECLARED_SELECTOR = YES;
				GCC_WARN_UNINITIALIZED_AUTOS = YES_AGGRESSIVE;
				GCC_WARN_UNUSED_FUNCTION = YES;
				GCC_WARN_UNUSED_VARIABLE = YES;
				IPHONEOS_DEPLOYMENT_TARGET = 14.4;
				MTL_ENABLE_DEBUG_INFO = INCLUDE_SOURCE;
				MTL_FAST_MATH = YES;
				ONLY_ACTIVE_ARCH = YES;
				SDKROOT = iphoneos;
				SWIFT_ACTIVE_COMPILATION_CONDITIONS = DEBUG;
				SWIFT_OPTIMIZATION_LEVEL = "-Onone";
			};
			name = Debug;
		};
		0E39E95925E4F87700E1C231 /* Release */ = {
			isa = XCBuildConfiguration;
			buildSettings = {
				ALWAYS_SEARCH_USER_PATHS = NO;
				CLANG_ANALYZER_NONNULL = YES;
				CLANG_ANALYZER_NUMBER_OBJECT_CONVERSION = YES_AGGRESSIVE;
				CLANG_CXX_LANGUAGE_STANDARD = "gnu++14";
				CLANG_CXX_LIBRARY = "libc++";
				CLANG_ENABLE_MODULES = YES;
				CLANG_ENABLE_OBJC_ARC = YES;
				CLANG_ENABLE_OBJC_WEAK = YES;
				CLANG_WARN_BLOCK_CAPTURE_AUTORELEASING = YES;
				CLANG_WARN_BOOL_CONVERSION = YES;
				CLANG_WARN_COMMA = YES;
				CLANG_WARN_CONSTANT_CONVERSION = YES;
				CLANG_WARN_DEPRECATED_OBJC_IMPLEMENTATIONS = YES;
				CLANG_WARN_DIRECT_OBJC_ISA_USAGE = YES_ERROR;
				CLANG_WARN_DOCUMENTATION_COMMENTS = YES;
				CLANG_WARN_EMPTY_BODY = YES;
				CLANG_WARN_ENUM_CONVERSION = YES;
				CLANG_WARN_INFINITE_RECURSION = YES;
				CLANG_WARN_INT_CONVERSION = YES;
				CLANG_WARN_NON_LITERAL_NULL_CONVERSION = YES;
				CLANG_WARN_OBJC_IMPLICIT_RETAIN_SELF = YES;
				CLANG_WARN_OBJC_LITERAL_CONVERSION = YES;
				CLANG_WARN_OBJC_ROOT_CLASS = YES_ERROR;
				CLANG_WARN_QUOTED_INCLUDE_IN_FRAMEWORK_HEADER = YES;
				CLANG_WARN_RANGE_LOOP_ANALYSIS = YES;
				CLANG_WARN_STRICT_PROTOTYPES = YES;
				CLANG_WARN_SUSPICIOUS_MOVE = YES;
				CLANG_WARN_UNGUARDED_AVAILABILITY = YES_AGGRESSIVE;
				CLANG_WARN_UNREACHABLE_CODE = YES;
				CLANG_WARN__DUPLICATE_METHOD_MATCH = YES;
				COPY_PHASE_STRIP = NO;
				DEBUG_INFORMATION_FORMAT = "dwarf-with-dsym";
				ENABLE_NS_ASSERTIONS = NO;
				ENABLE_STRICT_OBJC_MSGSEND = YES;
				GCC_C_LANGUAGE_STANDARD = gnu11;
				GCC_NO_COMMON_BLOCKS = YES;
				GCC_WARN_64_TO_32_BIT_CONVERSION = YES;
				GCC_WARN_ABOUT_RETURN_TYPE = YES_ERROR;
				GCC_WARN_UNDECLARED_SELECTOR = YES;
				GCC_WARN_UNINITIALIZED_AUTOS = YES_AGGRESSIVE;
				GCC_WARN_UNUSED_FUNCTION = YES;
				GCC_WARN_UNUSED_VARIABLE = YES;
				IPHONEOS_DEPLOYMENT_TARGET = 14.4;
				MTL_ENABLE_DEBUG_INFO = NO;
				MTL_FAST_MATH = YES;
				SDKROOT = iphoneos;
				SWIFT_COMPILATION_MODE = wholemodule;
				SWIFT_OPTIMIZATION_LEVEL = "-O";
				VALIDATE_PRODUCT = YES;
			};
			name = Release;
		};
		0E39E95B25E4F87700E1C231 /* Debug */ = {
			isa = XCBuildConfiguration;
			baseConfigurationReference = 84D6CA83F41493CE54856A27 /* Pods-E-sports.debug.xcconfig */;
			buildSettings = {
				ASSETCATALOG_COMPILER_APPICON_NAME = AppIcon;
				ASSETCATALOG_COMPILER_GLOBAL_ACCENT_COLOR_NAME = AccentColor;
				CODE_SIGN_STYLE = Automatic;
				INFOPLIST_FILE = "E-sports/Info.plist";
				IPHONEOS_DEPLOYMENT_TARGET = 13.7;
				LD_RUNPATH_SEARCH_PATHS = (
					"$(inherited)",
					"@executable_path/Frameworks",
				);
				PRODUCT_BUNDLE_IDENTIFIER = "SugarStudios.E-sports";
				PRODUCT_NAME = "$(TARGET_NAME)";
				SWIFT_VERSION = 5.0;
				TARGETED_DEVICE_FAMILY = "1,2";
			};
			name = Debug;
		};
		0E39E95C25E4F87700E1C231 /* Release */ = {
			isa = XCBuildConfiguration;
			baseConfigurationReference = E1BF1AF50DB8A999A262ACD1 /* Pods-E-sports.release.xcconfig */;
			buildSettings = {
				ASSETCATALOG_COMPILER_APPICON_NAME = AppIcon;
				ASSETCATALOG_COMPILER_GLOBAL_ACCENT_COLOR_NAME = AccentColor;
				CODE_SIGN_STYLE = Automatic;
				INFOPLIST_FILE = "E-sports/Info.plist";
				IPHONEOS_DEPLOYMENT_TARGET = 13.7;
				LD_RUNPATH_SEARCH_PATHS = (
					"$(inherited)",
					"@executable_path/Frameworks",
				);
				PRODUCT_BUNDLE_IDENTIFIER = "SugarStudios.E-sports";
				PRODUCT_NAME = "$(TARGET_NAME)";
				SWIFT_VERSION = 5.0;
				TARGETED_DEVICE_FAMILY = "1,2";
			};
			name = Release;
		};
/* End XCBuildConfiguration section */

/* Begin XCConfigurationList section */
		0E39E94125E4F87600E1C231 /* Build configuration list for PBXProject "E-sports" */ = {
			isa = XCConfigurationList;
			buildConfigurations = (
				0E39E95825E4F87700E1C231 /* Debug */,
				0E39E95925E4F87700E1C231 /* Release */,
			);
			defaultConfigurationIsVisible = 0;
			defaultConfigurationName = Release;
		};
		0E39E95A25E4F87700E1C231 /* Build configuration list for PBXNativeTarget "E-sports" */ = {
			isa = XCConfigurationList;
			buildConfigurations = (
				0E39E95B25E4F87700E1C231 /* Debug */,
				0E39E95C25E4F87700E1C231 /* Release */,
			);
			defaultConfigurationIsVisible = 0;
			defaultConfigurationName = Release;
		};
/* End XCConfigurationList section */
	};
	rootObject = 0E39E93E25E4F87600E1C231 /* Project object */;
}
